
Microsoft Visual Studio Solution File, Format Version 12.00
# Visual Studio 14
VisualStudioVersion = 14.0.25420.1
MinimumVisualStudioVersion = 10.0.40219.1
Project("{FAE04EC0-301F-11D3-BF4B-00C04F79EFBC}") = "Recognition", "Recognition\Recognition.csproj", "{C72D1DCF-0B48-4853-9732-FA7EBD788D64}"
EndProject
Project("{FAE04EC0-301F-11D3-BF4B-00C04F79EFBC}") = "Recognition.Tests", "Recognition.Tests\Recognition.Tests.csproj", "{55D7186B-F442-411C-BEBF-48F85B6B3AC2}"
EndProject
Project("{FAE04EC0-301F-11D3-BF4B-00C04F79EFBC}") = "FM", "FM\FM.csproj", "{9B9A359B-166B-46AD-B46A-4EC769BA3E9A}"
EndProject
Project("{FAE04EC0-301F-11D3-BF4B-00C04F79EFBC}") = "FM.Tests", "FM.Tests\FM.Tests.csproj", "{34D43E26-4BD2-44C4-BA4B-D1171B44E358}"
EndProject
Global
	GlobalSection(SolutionConfigurationPlatforms) = preSolution
		Debug|Any CPU = Debug|Any CPU
		Release|Any CPU = Release|Any CPU
	EndGlobalSection
	GlobalSection(ProjectConfigurationPlatforms) = postSolution
		{C72D1DCF-0B48-4853-9732-FA7EBD788D64}.Debug|Any CPU.ActiveCfg = Debug|Any CPU
		{C72D1DCF-0B48-4853-9732-FA7EBD788D64}.Debug|Any CPU.Build.0 = Debug|Any CPU
		{C72D1DCF-0B48-4853-9732-FA7EBD788D64}.Release|Any CPU.ActiveCfg = Release|Any CPU
		{C72D1DCF-0B48-4853-9732-FA7EBD788D64}.Release|Any CPU.Build.0 = Release|Any CPU
		{55D7186B-F442-411C-BEBF-48F85B6B3AC2}.Debug|Any CPU.ActiveCfg = Debug|Any CPU
		{55D7186B-F442-411C-BEBF-48F85B6B3AC2}.Debug|Any CPU.Build.0 = Debug|Any CPU
		{55D7186B-F442-411C-BEBF-48F85B6B3AC2}.Release|Any CPU.ActiveCfg = Release|Any CPU
		{55D7186B-F442-411C-BEBF-48F85B6B3AC2}.Release|Any CPU.Build.0 = Release|Any CPU
		{9B9A359B-166B-46AD-B46A-4EC769BA3E9A}.Debug|Any CPU.ActiveCfg = Debug|Any CPU
		{9B9A359B-166B-46AD-B46A-4EC769BA3E9A}.Debug|Any CPU.Build.0 = Debug|Any CPU
		{9B9A359B-166B-46AD-B46A-4EC769BA3E9A}.Release|Any CPU.ActiveCfg = Release|Any CPU
		{9B9A359B-166B-46AD-B46A-4EC769BA3E9A}.Release|Any CPU.Build.0 = Release|Any CPU
		{34D43E26-4BD2-44C4-BA4B-D1171B44E358}.Debug|Any CPU.ActiveCfg = Debug|Any CPU
		{34D43E26-4BD2-44C4-BA4B-D1171B44E358}.Debug|Any CPU.Build.0 = Debug|Any CPU
		{34D43E26-4BD2-44C4-BA4B-D1171B44E358}.Release|Any CPU.ActiveCfg = Release|Any CPU
		{34D43E26-4BD2-44C4-BA4B-D1171B44E358}.Release|Any CPU.Build.0 = Release|Any CPU
	EndGlobalSection
	GlobalSection(SolutionProperties) = preSolution
		HideSolutionNode = FALSE
	EndGlobalSection
EndGlobal
